PODS:
  - Flutter (1.0.0)
  - flutter_directpay_ipg (0.0.1):
    - Flutter
  - webview_flutter_wkwebview (0.0.1):
    - Flutter

DEPENDENCIES:
  - Flutter (from `Flutter`)
  - flutter_directpay_ipg (from `.symlinks/plugins/flutter_directpay_ipg/ios`)
  - webview_flutter_wkwebview (from `.symlinks/plugins/webview_flutter_wkwebview/ios`)

EXTERNAL SOURCES:
  Flutter:
    :path: Flutter
  flutter_directpay_ipg:
    :path: ".symlinks/plugins/flutter_directpay_ipg/ios"
  webview_flutter_wkwebview:
    :path: ".symlinks/plugins/webview_flutter_wkwebview/ios"

SPEC CHECKSUMS:
  Flutter: cabc95a1d2626b1b06e7179b784ebcf0c0cde467
  flutter_directpay_ipg: 36e452553fc30a19ff441e0debb4afdd7d800845
  webview_flutter_wkwebview: 20ea6db366fd239767b4797f31c534637c966245

PODFILE CHECKSUM: cc1f88378b4bfcf93a6ce00d2c587857c6008d3b

COCOAPODS: 1.16.2
